
Microsoft Visual Studio Solution File, Format Version 12.00
# Visual Studio Version 16
VisualStudioVersion = 16.0.29806.167
MinimumVisualStudioVersion = 10.0.40219.1
Project("{FAE04EC0-301F-11D3-BF4B-00C04F79EFBC}") = "RoundTheCorner", "RoundTheCorner.csproj", "{FC31D526-A02E-4656-898E-39641B12FA74}"
EndProject
Project("{FAE04EC0-301F-11D3-BF4B-00C04F79EFBC}") = "RoundTheCorner.BL", "..\RoundTheCorner.BL\RoundTheCorner.BL.csproj", "{811E4242-2649-4710-80F8-E1459BE01F62}"
EndProject
Project("{FAE04EC0-301F-11D3-BF4B-00C04F79EFBC}") = "RoundTheCorner.BL.Models", "..\RoundTheCorner.BL.Models\RoundTheCorner.BL.Models.csproj", "{8697BECF-F9F8-42E6-88F6-B975EAE4DFFD}"
EndProject
Project("{FAE04EC0-301F-11D3-BF4B-00C04F79EFBC}") = "RoundTheCorner.MVCUI", "..\RoundTheCorner.MVCUI\RoundTheCorner.MVCUI.csproj", "{C104C24C-DDC1-449E-A5E5-2C94EFEA89F8}"
EndProject
Project("{FAE04EC0-301F-11D3-BF4B-00C04F79EFBC}") = "RoundTheCorner.PL", "..\RoundTheCorner.PL\RoundTheCorner.PL.csproj", "{4CCD0CA7-8470-4993-A58F-956DE930371D}"
EndProject
Global
	GlobalSection(SolutionConfigurationPlatforms) = preSolution
		Debug|Any CPU = Debug|Any CPU
		Release|Any CPU = Release|Any CPU
	EndGlobalSection
	GlobalSection(ProjectConfigurationPlatforms) = postSolution
		{FC31D526-A02E-4656-898E-39641B12FA74}.Debug|Any CPU.ActiveCfg = Debug|Any CPU
		{FC31D526-A02E-4656-898E-39641B12FA74}.Debug|Any CPU.Build.0 = Debug|Any CPU
		{FC31D526-A02E-4656-898E-39641B12FA74}.Release|Any CPU.ActiveCfg = Release|Any CPU
		{FC31D526-A02E-4656-898E-39641B12FA74}.Release|Any CPU.Build.0 = Release|Any CPU
		{811E4242-2649-4710-80F8-E1459BE01F62}.Debug|Any CPU.ActiveCfg = Debug|Any CPU
		{811E4242-2649-4710-80F8-E1459BE01F62}.Debug|Any CPU.Build.0 = Debug|Any CPU
		{811E4242-2649-4710-80F8-E1459BE01F62}.Release|Any CPU.ActiveCfg = Release|Any CPU
		{811E4242-2649-4710-80F8-E1459BE01F62}.Release|Any CPU.Build.0 = Release|Any CPU
		{8697BECF-F9F8-42E6-88F6-B975EAE4DFFD}.Debug|Any CPU.ActiveCfg = Debug|Any CPU
		{8697BECF-F9F8-42E6-88F6-B975EAE4DFFD}.Debug|Any CPU.Build.0 = Debug|Any CPU
		{8697BECF-F9F8-42E6-88F6-B975EAE4DFFD}.Release|Any CPU.ActiveCfg = Release|Any CPU
		{8697BECF-F9F8-42E6-88F6-B975EAE4DFFD}.Release|Any CPU.Build.0 = Release|Any CPU
		{C104C24C-DDC1-449E-A5E5-2C94EFEA89F8}.Debug|Any CPU.ActiveCfg = Debug|Any CPU
		{C104C24C-DDC1-449E-A5E5-2C94EFEA89F8}.Debug|Any CPU.Build.0 = Debug|Any CPU
		{C104C24C-DDC1-449E-A5E5-2C94EFEA89F8}.Release|Any CPU.ActiveCfg = Release|Any CPU
		{C104C24C-DDC1-449E-A5E5-2C94EFEA89F8}.Release|Any CPU.Build.0 = Release|Any CPU
		{4CCD0CA7-8470-4993-A58F-956DE930371D}.Debug|Any CPU.ActiveCfg = Debug|Any CPU
		{4CCD0CA7-8470-4993-A58F-956DE930371D}.Debug|Any CPU.Build.0 = Debug|Any CPU
		{4CCD0CA7-8470-4993-A58F-956DE930371D}.Release|Any CPU.ActiveCfg = Release|Any CPU
		{4CCD0CA7-8470-4993-A58F-956DE930371D}.Release|Any CPU.Build.0 = Release|Any CPU
	EndGlobalSection
	GlobalSection(SolutionProperties) = preSolution
		HideSolutionNode = FALSE
	EndGlobalSection
	GlobalSection(ExtensibilityGlobals) = postSolution
		SolutionGuid = {7FEED314-766C-477E-B668-B3452DE7D50E}
	EndGlobalSection
EndGlobal
